
Microsoft Visual Studio Solution File, Format Version 12.00
# Visual Studio Version 16
VisualStudioVersion = 16.0.31005.135
MinimumVisualStudioVersion = 10.0.40219.1
Project("{FAE04EC0-301F-11D3-BF4B-00C04F79EFBC}") = "Nautilus", "Nautilus\Nautilus.csproj", "{05821053-D115-416F-86F2-FE70B2090D62}"
EndProject
Project("{FAE04EC0-301F-11D3-BF4B-00C04F79EFBC}") = "Nautilus.XmlProvider", "Nautilus.XmlProvider\Nautilus.XmlProvider.csproj", "{D3EECA35-14B8-4980-961B-0021B1BE1FAC}"
EndProject
Project("{2150E333-8FDC-42A3-9474-1A3956D46DE8}") = "Providers", "Providers", "{E1283090-09FF-4F09-9412-D5703B4C79CB}"
EndProject
Project("{FAE04EC0-301F-11D3-BF4B-00C04F79EFBC}") = "Nautilus.Core", "Nautilus.Core\Nautilus.Core.csproj", "{8E822C83-1C99-430E-A3C1-C4E8EEFD91DE}"
EndProject
Global
	GlobalSection(SolutionConfigurationPlatforms) = preSolution
		Debug|Any CPU = Debug|Any CPU
		Release|Any CPU = Release|Any CPU
	EndGlobalSection
	GlobalSection(ProjectConfigurationPlatforms) = postSolution
		{05821053-D115-416F-86F2-FE70B2090D62}.Debug|Any CPU.ActiveCfg = Debug|Any CPU
		{05821053-D115-416F-86F2-FE70B2090D62}.Debug|Any CPU.Build.0 = Debug|Any CPU
		{05821053-D115-416F-86F2-FE70B2090D62}.Release|Any CPU.ActiveCfg = Release|Any CPU
		{05821053-D115-416F-86F2-FE70B2090D62}.Release|Any CPU.Build.0 = Release|Any CPU
		{D3EECA35-14B8-4980-961B-0021B1BE1FAC}.Debug|Any CPU.ActiveCfg = Debug|Any CPU
		{D3EECA35-14B8-4980-961B-0021B1BE1FAC}.Debug|Any CPU.Build.0 = Debug|Any CPU
		{D3EECA35-14B8-4980-961B-0021B1BE1FAC}.Release|Any CPU.ActiveCfg = Release|Any CPU
		{D3EECA35-14B8-4980-961B-0021B1BE1FAC}.Release|Any CPU.Build.0 = Release|Any CPU
		{8E822C83-1C99-430E-A3C1-C4E8EEFD91DE}.Debug|Any CPU.ActiveCfg = Debug|Any CPU
		{8E822C83-1C99-430E-A3C1-C4E8EEFD91DE}.Debug|Any CPU.Build.0 = Debug|Any CPU
		{8E822C83-1C99-430E-A3C1-C4E8EEFD91DE}.Release|Any CPU.ActiveCfg = Release|Any CPU
		{8E822C83-1C99-430E-A3C1-C4E8EEFD91DE}.Release|Any CPU.Build.0 = Release|Any CPU
	EndGlobalSection
	GlobalSection(SolutionProperties) = preSolution
		HideSolutionNode = FALSE
	EndGlobalSection
	GlobalSection(NestedProjects) = preSolution
		{D3EECA35-14B8-4980-961B-0021B1BE1FAC} = {E1283090-09FF-4F09-9412-D5703B4C79CB}
	EndGlobalSection
	GlobalSection(ExtensibilityGlobals) = postSolution
		SolutionGuid = {FBD44A50-3FEA-4B71-8FDB-622536A64CEA}
	EndGlobalSection
EndGlobal
